
Microsoft Visual Studio Solution File, Format Version 12.00
# Visual Studio Version 16
VisualStudioVersion = 16.0.31019.35
MinimumVisualStudioVersion = 10.0.40219.1
Project("{9A19103F-16F7-4668-BE54-9A1E7A4F7556}") = "Entities", "Entities\Entities.csproj", "{32C85C73-EA53-4CD7-978E-65EF554A8E01}"
EndProject
Project("{9A19103F-16F7-4668-BE54-9A1E7A4F7556}") = "DataAccess", "DataAccess\DataAccess.csproj", "{7FA440E9-2FBF-4413-BA96-38526D2F21E5}"
EndProject
Project("{9A19103F-16F7-4668-BE54-9A1E7A4F7556}") = "Business", "Business\Business.csproj", "{B5B4BFD5-3F86-4238-9E11-E1CF41134698}"
EndProject
Project("{9A19103F-16F7-4668-BE54-9A1E7A4F7556}") = "Core", "Core\Core.csproj", "{833F4617-17FA-4457-AA55-B901AF3DB85F}"
EndProject
Project("{9A19103F-16F7-4668-BE54-9A1E7A4F7556}") = "WebAPI", "WebAPI\WebAPI.csproj", "{6F2D0981-20E8-49A1-B5AB-D08CA3D22087}"
EndProject
Global
	GlobalSection(SolutionConfigurationPlatforms) = preSolution
		Debug|Any CPU = Debug|Any CPU
		Release|Any CPU = Release|Any CPU
	EndGlobalSection
	GlobalSection(ProjectConfigurationPlatforms) = postSolution
		{32C85C73-EA53-4CD7-978E-65EF554A8E01}.Debug|Any CPU.ActiveCfg = Debug|Any CPU
		{32C85C73-EA53-4CD7-978E-65EF554A8E01}.Debug|Any CPU.Build.0 = Debug|Any CPU
		{32C85C73-EA53-4CD7-978E-65EF554A8E01}.Release|Any CPU.ActiveCfg = Release|Any CPU
		{32C85C73-EA53-4CD7-978E-65EF554A8E01}.Release|Any CPU.Build.0 = Release|Any CPU
		{7FA440E9-2FBF-4413-BA96-38526D2F21E5}.Debug|Any CPU.ActiveCfg = Debug|Any CPU
		{7FA440E9-2FBF-4413-BA96-38526D2F21E5}.Debug|Any CPU.Build.0 = Debug|Any CPU
		{7FA440E9-2FBF-4413-BA96-38526D2F21E5}.Release|Any CPU.ActiveCfg = Release|Any CPU
		{7FA440E9-2FBF-4413-BA96-38526D2F21E5}.Release|Any CPU.Build.0 = Release|Any CPU
		{B5B4BFD5-3F86-4238-9E11-E1CF41134698}.Debug|Any CPU.ActiveCfg = Debug|Any CPU
		{B5B4BFD5-3F86-4238-9E11-E1CF41134698}.Debug|Any CPU.Build.0 = Debug|Any CPU
		{B5B4BFD5-3F86-4238-9E11-E1CF41134698}.Release|Any CPU.ActiveCfg = Release|Any CPU
		{B5B4BFD5-3F86-4238-9E11-E1CF41134698}.Release|Any CPU.Build.0 = Release|Any CPU
		{833F4617-17FA-4457-AA55-B901AF3DB85F}.Debug|Any CPU.ActiveCfg = Debug|Any CPU
		{833F4617-17FA-4457-AA55-B901AF3DB85F}.Debug|Any CPU.Build.0 = Debug|Any CPU
		{833F4617-17FA-4457-AA55-B901AF3DB85F}.Release|Any CPU.ActiveCfg = Release|Any CPU
		{833F4617-17FA-4457-AA55-B901AF3DB85F}.Release|Any CPU.Build.0 = Release|Any CPU
		{6F2D0981-20E8-49A1-B5AB-D08CA3D22087}.Debug|Any CPU.ActiveCfg = Debug|Any CPU
		{6F2D0981-20E8-49A1-B5AB-D08CA3D22087}.Debug|Any CPU.Build.0 = Debug|Any CPU
		{6F2D0981-20E8-49A1-B5AB-D08CA3D22087}.Release|Any CPU.ActiveCfg = Release|Any CPU
		{6F2D0981-20E8-49A1-B5AB-D08CA3D22087}.Release|Any CPU.Build.0 = Release|Any CPU
	EndGlobalSection
	GlobalSection(SolutionProperties) = preSolution
		HideSolutionNode = FALSE
	EndGlobalSection
	GlobalSection(ExtensibilityGlobals) = postSolution
		SolutionGuid = {DDBAC836-9E9C-4B3F-88D7-56416786D9FA}
	EndGlobalSection
EndGlobal
